Microsoft Visual Studio Solution File, Format Version 11.00
# Visual Studio 2008

Project("{F5FC52CF-511D-EA7B-CFFD-CB138B403746}") = "ProteinVisual", "Assembly-CSharp.csproj", "{5CCC438A-3FE2-7FFC-090A-F5B8893A3BBC}"
EndProject
Project("{F5FC52CF-511D-EA7B-CFFD-CB138B403746}") = "ProteinVisual", "Assembly-CSharp-Editor.csproj", "{FD549252-F249-50D9-BCAC-1A6CCE86787E}"
EndProject
Project("{F5FC52CF-511D-EA7B-CFFD-CB138B403746}") = "ProteinVisual", "Assembly-UnityScript.unityproj", "{251933FD-A222-AC49-079B-23D99269A5C4}"
EndProject
Project("{F5FC52CF-511D-EA7B-CFFD-CB138B403746}") = "ProteinVisual", "Assembly-UnityScript-Editor-firstpass.unityproj", "{619491F3-CF72-2CD8-DEA1-F8A7ACA3EDDA}"
EndProject
Global
	GlobalSection(SolutionConfigurationPlatforms) = preSolution
		Debug|Any CPU = Debug|Any CPU
		Release|Any CPU = Release|Any CPU
	EndGlobalSection
	GlobalSection(ProjectConfigurationPlatforms) = postSolution
		{5CCC438A-3FE2-7FFC-090A-F5B8893A3BBC}.Debug|Any CPU.ActiveCfg = Debug|Any CPU
		{5CCC438A-3FE2-7FFC-090A-F5B8893A3BBC}.Debug|Any CPU.Build.0 = Debug|Any CPU
		{5CCC438A-3FE2-7FFC-090A-F5B8893A3BBC}.Release|Any CPU.ActiveCfg = Release|Any CPU
		{5CCC438A-3FE2-7FFC-090A-F5B8893A3BBC}.Release|Any CPU.Build.0 = Release|Any CPU
		{FD549252-F249-50D9-BCAC-1A6CCE86787E}.Debug|Any CPU.ActiveCfg = Debug|Any CPU
		{FD549252-F249-50D9-BCAC-1A6CCE86787E}.Debug|Any CPU.Build.0 = Debug|Any CPU
		{FD549252-F249-50D9-BCAC-1A6CCE86787E}.Release|Any CPU.ActiveCfg = Release|Any CPU
		{FD549252-F249-50D9-BCAC-1A6CCE86787E}.Release|Any CPU.Build.0 = Release|Any CPU
		{251933FD-A222-AC49-079B-23D99269A5C4}.Debug|Any CPU.ActiveCfg = Debug|Any CPU
		{251933FD-A222-AC49-079B-23D99269A5C4}.Debug|Any CPU.Build.0 = Debug|Any CPU
		{251933FD-A222-AC49-079B-23D99269A5C4}.Release|Any CPU.ActiveCfg = Release|Any CPU
		{251933FD-A222-AC49-079B-23D99269A5C4}.Release|Any CPU.Build.0 = Release|Any CPU
		{619491F3-CF72-2CD8-DEA1-F8A7ACA3EDDA}.Debug|Any CPU.ActiveCfg = Debug|Any CPU
		{619491F3-CF72-2CD8-DEA1-F8A7ACA3EDDA}.Debug|Any CPU.Build.0 = Debug|Any CPU
		{619491F3-CF72-2CD8-DEA1-F8A7ACA3EDDA}.Release|Any CPU.ActiveCfg = Release|Any CPU
		{619491F3-CF72-2CD8-DEA1-F8A7ACA3EDDA}.Release|Any CPU.Build.0 = Release|Any CPU
	EndGlobalSection
	GlobalSection(SolutionProperties) = preSolution
		HideSolutionNode = FALSE
	EndGlobalSection
																																										GlobalSection(MonoDevelopProperties) = preSolution
=======
																																										GlobalSection(MonoDevelopProperties) = preSolution
>>>>>>> cc137a8ed2e2ff18e62d4a9815e160d25dfc752b
		StartupItem = Assembly-CSharp.csproj
		Policies = $0
		$0.TextStylePolicy = $1
		$1.inheritsSet = null
		$1.scope = text/x-csharp
		$0.CSharpFormattingPolicy = $2
		$2.inheritsSet = Mono
		$2.inheritsScope = text/x-csharp
		$2.scope = text/x-csharp
		$0.TextStylePolicy = $3
		$3.FileWidth = 120
		$3.TabWidth = 4
		$3.IndentWidth = 4
		$3.EolMarker = Unix
		$3.inheritsSet = Mono
		$3.inheritsScope = text/plain
		$3.scope = text/plain
	EndGlobalSection

EndGlobal
